// !$*UTF8*$!
{
	archiveVersion = 1;
	classes = {
	};
	objectVersion = 46;
	objects = {

/* Begin PBXBuildFile section */
		027FCC58F41FE1E20F0AA6DE /* Pods_Grimoire.framework in Frameworks */ = {isa = PBXBuildFile; fileRef = 453C3A9FF2089B428DA66251 /* Pods_Grimoire.framework */; };
		B3B69A4A73F87357E178FAB2 /* Pods_GrimoireTests.framework in Frameworks */ = {isa = PBXBuildFile; fileRef = BA26746E46F2A55567D60FDC /* Pods_GrimoireTests.framework */; };
		DC1ACA461D353F66002A3071 /* AppDelegate.swift in Sources */ = {isa = PBXBuildFile; fileRef = DC1ACA451D353F66002A3071 /* AppDelegate.swift */; };
		DC1ACA4B1D353F66002A3071 /* Main.storyboard in Resources */ = {isa = PBXBuildFile; fileRef = DC1ACA491D353F66002A3071 /* Main.storyboard */; };
		DC1ACA4D1D353F66002A3071 /* Assets.xcassets in Resources */ = {isa = PBXBuildFile; fileRef = DC1ACA4C1D353F66002A3071 /* Assets.xcassets */; };
		DC1ACA501D353F66002A3071 /* LaunchScreen.storyboard in Resources */ = {isa = PBXBuildFile; fileRef = DC1ACA4E1D353F66002A3071 /* LaunchScreen.storyboard */; };
		DC1ACA5B1D353F66002A3071 /* GrimoireTests.swift in Sources */ = {isa = PBXBuildFile; fileRef = DC1ACA5A1D353F66002A3071 /* GrimoireTests.swift */; };
		DC6967171D3541FC00A16B94 /* APIClient.swift in Sources */ = {isa = PBXBuildFile; fileRef = DC6967161D3541FC00A16B94 /* APIClient.swift */; };
		DC6967191D35420400A16B94 /* NetworkClient.swift in Sources */ = {isa = PBXBuildFile; fileRef = DC6967181D35420400A16B94 /* NetworkClient.swift */; };
		DC69671B1D35421100A16B94 /* HTTPMethod.swift in Sources */ = {isa = PBXBuildFile; fileRef = DC69671A1D35421100A16B94 /* HTTPMethod.swift */; };
		DC69671D1D3543DA00A16B94 /* GrimoireManager.swift in Sources */ = {isa = PBXBuildFile; fileRef = DC69671C1D3543DA00A16B94 /* GrimoireManager.swift */; };
		DC69671F1D3545DA00A16B94 /* GrimoireCard.swift in Sources */ = {isa = PBXBuildFile; fileRef = DC69671E1D3545DA00A16B94 /* GrimoireCard.swift */; };
		DC6967211D35471B00A16B94 /* GrimoireResponseParser.swift in Sources */ = {isa = PBXBuildFile; fileRef = DC6967201D35471B00A16B94 /* GrimoireResponseParser.swift */; };
		DC6967231D35473000A16B94 /* Parser.swift in Sources */ = {isa = PBXBuildFile; fileRef = DC6967221D35473000A16B94 /* Parser.swift */; };
		DC6967251D354BCF00A16B94 /* GrimoirePage.swift in Sources */ = {isa = PBXBuildFile; fileRef = DC6967241D354BCF00A16B94 /* GrimoirePage.swift */; };
		DC6967271D355B0200A16B94 /* HighResolutionImageParser.swift in Sources */ = {isa = PBXBuildFile; fileRef = DC6967261D355B0200A16B94 /* HighResolutionImageParser.swift */; };
		DC6967291D355C0000A16B94 /* HighResolutionImage.swift in Sources */ = {isa = PBXBuildFile; fileRef = DC6967281D355C0000A16B94 /* HighResolutionImage.swift */; };
		DC69672B1D35604C00A16B94 /* GrimoirePageParser.swift in Sources */ = {isa = PBXBuildFile; fileRef = DC69672A1D35604C00A16B94 /* GrimoirePageParser.swift */; };
		DC69672D1D35681D00A16B94 /* GrimoireCardParser.swift in Sources */ = {isa = PBXBuildFile; fileRef = DC69672C1D35681D00A16B94 /* GrimoireCardParser.swift */; };
		DC6967331D356B2E00A16B94 /* GrimoireCardCell.swift in Sources */ = {isa = PBXBuildFile; fileRef = DC6967321D356B2E00A16B94 /* GrimoireCardCell.swift */; };
		DC6967351D3574F400A16B94 /* GrimoireCardTVC.swift in Sources */ = {isa = PBXBuildFile; fileRef = DC6967341D3574F400A16B94 /* GrimoireCardTVC.swift */; };
		DC876A031D357B0F003405F8 /* GrimoireSectionHeader.xib in Resources */ = {isa = PBXBuildFile; fileRef = DC876A021D357B0F003405F8 /* GrimoireSectionHeader.xib */; };
		DC876A051D357BB4003405F8 /* GrimoireSectionHeader.swift in Sources */ = {isa = PBXBuildFile; fileRef = DC876A041D357BB4003405F8 /* GrimoireSectionHeader.swift */; };
/* End PBXBuildFile section */

/* Begin PBXContainerItemProxy section */
		DC1ACA571D353F66002A3071 /* PBXContainerItemProxy */ = {
			isa = PBXContainerItemProxy;
			containerPortal = DC1ACA3A1D353F66002A3071 /* Project object */;
			proxyType = 1;
			remoteGlobalIDString = DC1ACA411D353F66002A3071;
			remoteInfo = Grimoire;
		};
/* End PBXContainerItemProxy section */

/* Begin PBXFileReference section */
		150C842BFBA7287914C58EB4 /* Pods-Grimoire.debug.xcconfig */ = {isa = PBXFileReference; includeInIndex = 1; lastKnownFileType = text.xcconfig; name = "Pods-Grimoire.debug.xcconfig"; path = "Pods/Target Support Files/Pods-Grimoire/Pods-Grimoire.debug.xcconfig"; sourceTree = "<group>"; };
		157C9118D47A20119EBCBBAE /* Pods-Grimoire.release.xcconfig */ = {isa = PBXFileReference; includeInIndex = 1; lastKnownFileType = text.xcconfig; name = "Pods-Grimoire.release.xcconfig"; path = "Pods/Target Support Files/Pods-Grimoire/Pods-Grimoire.release.xcconfig"; sourceTree = "<group>"; };
		453C3A9FF2089B428DA66251 /* Pods_Grimoire.framework */ = {isa = PBXFileReference; explicitFileType = wrapper.framework; includeInIndex = 0; path = Pods_Grimoire.framework; sourceTree = BUILT_PRODUCTS_DIR; };
		8DA4C8287E207037DDB40E14 /* Pods-GrimoireTests.debug.xcconfig */ = {isa = PBXFileReference; includeInIndex = 1; lastKnownFileType = text.xcconfig; name = "Pods-GrimoireTests.debug.xcconfig"; path = "Pods/Target Support Files/Pods-GrimoireTests/Pods-GrimoireTests.debug.xcconfig"; sourceTree = "<group>"; };
		96623EE21B13F8C1DF090D8F /* Pods-GrimoireTests.release.xcconfig */ = {isa = PBXFileReference; includeInIndex = 1; lastKnownFileType = text.xcconfig; name = "Pods-GrimoireTests.release.xcconfig"; path = "Pods/Target Support Files/Pods-GrimoireTests/Pods-GrimoireTests.release.xcconfig"; sourceTree = "<group>"; };
		BA26746E46F2A55567D60FDC /* Pods_GrimoireTests.framework */ = {isa = PBXFileReference; explicitFileType = wrapper.framework; includeInIndex = 0; path = Pods_GrimoireTests.framework; sourceTree = BUILT_PRODUCTS_DIR; };
		DC1ACA421D353F66002A3071 /* Grimoire.app */ = {isa = PBXFileReference; explicitFileType = wrapper.application; includeInIndex = 0; path = Grimoire.app; sourceTree = BUILT_PRODUCTS_DIR; };
		DC1ACA451D353F66002A3071 /* AppDelegate.swift */ = {isa = PBXFileReference; lastKnownFileType = sourcecode.swift; path = AppDelegate.swift; sourceTree = "<group>"; };
		DC1ACA4A1D353F66002A3071 /* Base */ = {isa = PBXFileReference; lastKnownFileType = file.storyboard; name = Base; path = Base.lproj/Main.storyboard; sourceTree = "<group>"; };
		DC1ACA4C1D353F66002A3071 /* Assets.xcassets */ = {isa = PBXFileReference; lastKnownFileType = folder.assetcatalog; path = Assets.xcassets; sourceTree = "<group>"; };
		DC1ACA4F1D353F66002A3071 /* Base */ = {isa = PBXFileReference; lastKnownFileType = file.storyboard; name = Base; path = Base.lproj/LaunchScreen.storyboard; sourceTree = "<group>"; };
		DC1ACA511D353F66002A3071 /* Info.plist */ = {isa = PBXFileReference; lastKnownFileType = text.plist.xml; path = Info.plist; sourceTree = "<group>"; };
		DC1ACA561D353F66002A3071 /* GrimoireTests.xctest */ = {isa = PBXFileReference; explicitFileType = wrapper.cfbundle; includeInIndex = 0; path = GrimoireTests.xctest; sourceTree = BUILT_PRODUCTS_DIR; };
		DC1ACA5A1D353F66002A3071 /* GrimoireTests.swift */ = {isa = PBXFileReference; lastKnownFileType = sourcecode.swift; path = GrimoireTests.swift; sourceTree = "<group>"; };
		DC1ACA5C1D353F66002A3071 /* Info.plist */ = {isa = PBXFileReference; lastKnownFileType = text.plist.xml; path = Info.plist; sourceTree = "<group>"; };
		DC6967161D3541FC00A16B94 /* APIClient.swift */ = {isa = PBXFileReference; fileEncoding = 4; lastKnownFileType = sourcecode.swift; path = APIClient.swift; sourceTree = "<group>"; };
		DC6967181D35420400A16B94 /* NetworkClient.swift */ = {isa = PBXFileReference; fileEncoding = 4; lastKnownFileType = sourcecode.swift; path = NetworkClient.swift; sourceTree = "<group>"; };
		DC69671A1D35421100A16B94 /* HTTPMethod.swift */ = {isa = PBXFileReference; fileEncoding = 4; lastKnownFileType = sourcecode.swift; path = HTTPMethod.swift; sourceTree = "<group>"; };
		DC69671C1D3543DA00A16B94 /* GrimoireManager.swift */ = {isa = PBXFileReference; fileEncoding = 4; lastKnownFileType = sourcecode.swift; path = GrimoireManager.swift; sourceTree = "<group>"; };
		DC69671E1D3545DA00A16B94 /* GrimoireCard.swift */ = {isa = PBXFileReference; fileEncoding = 4; lastKnownFileType = sourcecode.swift; path = GrimoireCard.swift; sourceTree = "<group>"; };
		DC6967201D35471B00A16B94 /* GrimoireResponseParser.swift */ = {isa = PBXFileReference; fileEncoding = 4; lastKnownFileType = sourcecode.swift; path = GrimoireResponseParser.swift; sourceTree = "<group>"; };
		DC6967221D35473000A16B94 /* Parser.swift */ = {isa = PBXFileReference; fileEncoding = 4; lastKnownFileType = sourcecode.swift; path = Parser.swift; sourceTree = "<group>"; };
		DC6967241D354BCF00A16B94 /* GrimoirePage.swift */ = {isa = PBXFileReference; fileEncoding = 4; lastKnownFileType = sourcecode.swift; path = GrimoirePage.swift; sourceTree = "<group>"; };
		DC6967261D355B0200A16B94 /* HighResolutionImageParser.swift */ = {isa = PBXFileReference; fileEncoding = 4; lastKnownFileType = sourcecode.swift; path = HighResolutionImageParser.swift; sourceTree = "<group>"; };
		DC6967281D355C0000A16B94 /* HighResolutionImage.swift */ = {isa = PBXFileReference; fileEncoding = 4; lastKnownFileType = sourcecode.swift; path = HighResolutionImage.swift; sourceTree = "<group>"; };
		DC69672A1D35604C00A16B94 /* GrimoirePageParser.swift */ = {isa = PBXFileReference; fileEncoding = 4; lastKnownFileType = sourcecode.swift; path = GrimoirePageParser.swift; sourceTree = "<group>"; };
		DC69672C1D35681D00A16B94 /* GrimoireCardParser.swift */ = {isa = PBXFileReference; fileEncoding = 4; lastKnownFileType = sourcecode.swift; path = GrimoireCardParser.swift; sourceTree = "<group>"; };
		DC6967321D356B2E00A16B94 /* GrimoireCardCell.swift */ = {isa = PBXFileReference; fileEncoding = 4; lastKnownFileType = sourcecode.swift; path = GrimoireCardCell.swift; sourceTree = "<group>"; };
		DC6967341D3574F400A16B94 /* GrimoireCardTVC.swift */ = {isa = PBXFileReference; fileEncoding = 4; lastKnownFileType = sourcecode.swift; path = GrimoireCardTVC.swift; sourceTree = "<group>"; };
		DC876A021D357B0F003405F8 /* GrimoireSectionHeader.xib */ = {isa = PBXFileReference; fileEncoding = 4; lastKnownFileType = file.xib; path = GrimoireSectionHeader.xib; sourceTree = "<group>"; };
		DC876A041D357BB4003405F8 /* GrimoireSectionHeader.swift */ = {isa = PBXFileReference; fileEncoding = 4; lastKnownFileType = sourcecode.swift; path = GrimoireSectionHeader.swift; sourceTree = "<group>"; };
/* End PBXFileReference section */

/* Begin PBXFrameworksBuildPhase section */
		DC1ACA3F1D353F66002A3071 /* Frameworks */ = {
			isa = PBXFrameworksBuildPhase;
			buildActionMask = 2147483647;
			files = (
				027FCC58F41FE1E20F0AA6DE /* Pods_Grimoire.framework in Frameworks */,
			);
			runOnlyForDeploymentPostprocessing = 0;
		};
		DC1ACA531D353F66002A3071 /* Frameworks */ = {
			isa = PBXFrameworksBuildPhase;
			buildActionMask = 2147483647;
			files = (
				B3B69A4A73F87357E178FAB2 /* Pods_GrimoireTests.framework in Frameworks */,
			);
			runOnlyForDeploymentPostprocessing = 0;
		};
/* End PBXFrameworksBuildPhase section */

/* Begin PBXGroup section */
		7813FB758E89C4815D166B2D /* Frameworks */ = {
			isa = PBXGroup;
			children = (
				453C3A9FF2089B428DA66251 /* Pods_Grimoire.framework */,
				BA26746E46F2A55567D60FDC /* Pods_GrimoireTests.framework */,
			);
			name = Frameworks;
			sourceTree = "<group>";
		};
		79C6C7205544C3A4A5756DFB /* Pods */ = {
			isa = PBXGroup;
			children = (
				150C842BFBA7287914C58EB4 /* Pods-Grimoire.debug.xcconfig */,
				157C9118D47A20119EBCBBAE /* Pods-Grimoire.release.xcconfig */,
				8DA4C8287E207037DDB40E14 /* Pods-GrimoireTests.debug.xcconfig */,
				96623EE21B13F8C1DF090D8F /* Pods-GrimoireTests.release.xcconfig */,
			);
			name = Pods;
			sourceTree = "<group>";
		};
		DC1ACA391D353F66002A3071 = {
			isa = PBXGroup;
			children = (
				DC1ACA441D353F66002A3071 /* Grimoire */,
				DC1ACA591D353F66002A3071 /* GrimoireTests */,
				DC1ACA431D353F66002A3071 /* Products */,
				79C6C7205544C3A4A5756DFB /* Pods */,
				7813FB758E89C4815D166B2D /* Frameworks */,
			);
			sourceTree = "<group>";
		};
		DC1ACA431D353F66002A3071 /* Products */ = {
			isa = PBXGroup;
			children = (
				DC1ACA421D353F66002A3071 /* Grimoire.app */,
				DC1ACA561D353F66002A3071 /* GrimoireTests.xctest */,
			);
			name = Products;
			sourceTree = "<group>";
		};
		DC1ACA441D353F66002A3071 /* Grimoire */ = {
			isa = PBXGroup;
			children = (
				DC6967311D35683600A16B94 /* Views */,
				DC6967301D35683200A16B94 /* Controllers */,
				DC69672F1D35682E00A16B94 /* Models */,
				DC69672E1D35682200A16B94 /* Networking */,
				DC1ACA451D353F66002A3071 /* AppDelegate.swift */,
				DC1ACA4C1D353F66002A3071 /* Assets.xcassets */,
				DC1ACA4E1D353F66002A3071 /* LaunchScreen.storyboard */,
				DC1ACA511D353F66002A3071 /* Info.plist */,
			);
			path = Grimoire;
			sourceTree = "<group>";
		};
		DC1ACA591D353F66002A3071 /* GrimoireTests */ = {
			isa = PBXGroup;
			children = (
				DC1ACA5A1D353F66002A3071 /* GrimoireTests.swift */,
				DC1ACA5C1D353F66002A3071 /* Info.plist */,
			);
			path = GrimoireTests;
			sourceTree = "<group>";
		};
		DC69672E1D35682200A16B94 /* Networking */ = {
			isa = PBXGroup;
			children = (
				DC6967201D35471B00A16B94 /* GrimoireResponseParser.swift */,
				DC6967221D35473000A16B94 /* Parser.swift */,
				DC6967261D355B0200A16B94 /* HighResolutionImageParser.swift */,
				DC69672A1D35604C00A16B94 /* GrimoirePageParser.swift */,
				DC69672C1D35681D00A16B94 /* GrimoireCardParser.swift */,
				DC6967181D35420400A16B94 /* NetworkClient.swift */,
				DC69671A1D35421100A16B94 /* HTTPMethod.swift */,
				DC6967161D3541FC00A16B94 /* APIClient.swift */,
				DC69671C1D3543DA00A16B94 /* GrimoireManager.swift */,
			);
			name = Networking;
			sourceTree = "<group>";
		};
		DC69672F1D35682E00A16B94 /* Models */ = {
			isa = PBXGroup;
			children = (
				DC6967281D355C0000A16B94 /* HighResolutionImage.swift */,
				DC69671E1D3545DA00A16B94 /* GrimoireCard.swift */,
				DC6967241D354BCF00A16B94 /* GrimoirePage.swift */,
			);
			name = Models;
			sourceTree = "<group>";
		};
		DC6967301D35683200A16B94 /* Controllers */ = {
			isa = PBXGroup;
			children = (
				DC6967341D3574F400A16B94 /* GrimoireCardTVC.swift */,
			);
			name = Controllers;
			sourceTree = "<group>";
		};
		DC6967311D35683600A16B94 /* Views */ = {
			isa = PBXGroup;
			children = (
				DC1ACA491D353F66002A3071 /* Main.storyboard */,
				DC6967321D356B2E00A16B94 /* GrimoireCardCell.swift */,
				DC876A021D357B0F003405F8 /* GrimoireSectionHeader.xib */,
				DC876A041D357BB4003405F8 /* GrimoireSectionHeader.swift */,
			);
			name = Views;
			sourceTree = "<group>";
		};
/* End PBXGroup section */

/* Begin PBXNativeTarget section */
		DC1ACA411D353F66002A3071 /* Grimoire */ = {
			isa = PBXNativeTarget;
			buildConfigurationList = DC1ACA5F1D353F66002A3071 /* Build configuration list for PBXNativeTarget "Grimoire" */;
			buildPhases = (
				8005AF174AA768720D21417B /* [CP] Check Pods Manifest.lock */,
				DC1ACA3E1D353F66002A3071 /* Sources */,
				DC1ACA3F1D353F66002A3071 /* Frameworks */,
				DC1ACA401D353F66002A3071 /* Resources */,
				E7AE2D2C651DBCDCC35E8C76 /* [CP] Embed Pods Frameworks */,
				9233B0381C882A9792A4E507 /* [CP] Copy Pods Resources */,
			);
			buildRules = (
			);
			dependencies = (
			);
			name = Grimoire;
			productName = Grimoire;
			productReference = DC1ACA421D353F66002A3071 /* Grimoire.app */;
			productType = "com.apple.product-type.application";
		};
		DC1ACA551D353F66002A3071 /* GrimoireTests */ = {
			isa = PBXNativeTarget;
			buildConfigurationList = DC1ACA621D353F66002A3071 /* Build configuration list for PBXNativeTarget "GrimoireTests" */;
			buildPhases = (
				767DDA4FFB712392B93D2C3A /* [CP] Check Pods Manifest.lock */,
				DC1ACA521D353F66002A3071 /* Sources */,
				DC1ACA531D353F66002A3071 /* Frameworks */,
				DC1ACA541D353F66002A3071 /* Resources */,
				F536AF50171365DEF4566E54 /* [CP] Embed Pods Frameworks */,
				B316698FCC9E9AF3A90DD521 /* [CP] Copy Pods Resources */,
			);
			buildRules = (
			);
			dependencies = (
				DC1ACA581D353F66002A3071 /* PBXTargetDependency */,
			);
			name = GrimoireTests;
			productName = GrimoireTests;
			productReference = DC1ACA561D353F66002A3071 /* GrimoireTests.xctest */;
			productType = "com.apple.product-type.bundle.unit-test";
		};
/* End PBXNativeTarget section */

/* Begin PBXProject section */
		DC1ACA3A1D353F66002A3071 /* Project object */ = {
			isa = PBXProject;
			attributes = {
				LastSwiftUpdateCheck = 0730;
				LastUpgradeCheck = 0730;
				ORGANIZATIONNAME = "Salman";
				TargetAttributes = {
					DC1ACA411D353F66002A3071 = {
						CreatedOnToolsVersion = 7.3.1;
					};
					DC1ACA551D353F66002A3071 = {
						CreatedOnToolsVersion = 7.3.1;
						TestTargetID = DC1ACA411D353F66002A3071;
					};
				};
			};
			buildConfigurationList = DC1ACA3D1D353F66002A3071 /* Build configuration list for PBXProject "Grimoire" */;
			compatibilityVersion = "Xcode 3.2";
			developmentRegion = English;
			hasScannedForEncodings = 0;
			knownRegions = (
				en,
				Base,
			);
			mainGroup = DC1ACA391D353F66002A3071;
			productRefGroup = DC1ACA431D353F66002A3071 /* Products */;
			projectDirPath = "";
			projectRoot = "";
			targets = (
				DC1ACA411D353F66002A3071 /* Grimoire */,
				DC1ACA551D353F66002A3071 /* GrimoireTests */,
			);
		};
/* End PBXProject section */

/* Begin PBXResourcesBuildPhase section */
		DC1ACA401D353F66002A3071 /* Resources */ = {
			isa = PBXResourcesBuildPhase;
			buildActionMask = 2147483647;
			files = (
				DC1ACA501D353F66002A3071 /* LaunchScreen.storyboard in Resources */,
				DC1ACA4D1D353F66002A3071 /* Assets.xcassets in Resources */,
				DC876A031D357B0F003405F8 /* GrimoireSectionHeader.xib in Resources */,
				DC1ACA4B1D353F66002A3071 /* Main.storyboard in Resources */,
			);
			runOnlyForDeploymentPostprocessing = 0;
		};
		DC1ACA541D353F66002A3071 /* Resources */ = {
			isa = PBXResourcesBuildPhase;
			buildActionMask = 2147483647;
			files = (
			);
			runOnlyForDeploymentPostprocessing = 0;
		};
/* End PBXResourcesBuildPhase section */

/* Begin PBXShellScriptBuildPhase section */
		767DDA4FFB712392B93D2C3A /* [CP] Check Pods Manifest.lock */ = {
			isa = PBXShellScriptBuildPhase;
			buildActionMask = 2147483647;
			files = (
			);
			inputPaths = (
			);
			name = "[CP] Check Pods Manifest.lock";
			outputPaths = (
			);
			runOnlyForDeploymentPostprocessing = 0;
			shellPath = /bin/sh;
			shellScript = "diff \"${PODS_ROOT}/../Podfile.lock\" \"${PODS_ROOT}/Manifest.lock\" > /dev/null\nif [[ $? != 0 ]] ; then\n    cat << EOM\nerror: The sandbox is not in sync with the Podfile.lock. Run 'pod install' or update your CocoaPods installation.\nEOM\n    exit 1\nfi\n";
			showEnvVarsInLog = 0;
		};
		8005AF174AA768720D21417B /* [CP] Check Pods Manifest.lock */ = {
			isa = PBXShellScriptBuildPhase;
			buildActionMask = 2147483647;
			files = (
			);
			inputPaths = (
			);
			name = "[CP] Check Pods Manifest.lock";
			outputPaths = (
			);
			runOnlyForDeploymentPostprocessing = 0;
			shellPath = /bin/sh;
			shellScript = "diff \"${PODS_ROOT}/../Podfile.lock\" \"${PODS_ROOT}/Manifest.lock\" > /dev/null\nif [[ $? != 0 ]] ; then\n    cat << EOM\nerror: The sandbox is not in sync with the Podfile.lock. Run 'pod install' or update your CocoaPods installation.\nEOM\n    exit 1\nfi\n";
			showEnvVarsInLog = 0;
		};
		9233B0381C882A9792A4E507 /* [CP] Copy Pods Resources */ = {
			isa = PBXShellScriptBuildPhase;
			buildActionMask = 2147483647;
			files = (
			);
			inputPaths = (
			);
			name = "[CP] Copy Pods Resources";
			outputPaths = (
			);
			runOnlyForDeploymentPostprocessing = 0;
			shellPath = /bin/sh;
			shellScript = "\"${SRCROOT}/Pods/Target Support Files/Pods-Grimoire/Pods-Grimoire-resources.sh\"\n";
			showEnvVarsInLog = 0;
		};
		B316698FCC9E9AF3A90DD521 /* [CP] Copy Pods Resources */ = {
			isa = PBXShellScriptBuildPhase;
			buildActionMask = 2147483647;
			files = (
			);
			inputPaths = (
			);
			name = "[CP] Copy Pods Resources";
			outputPaths = (
			);
			runOnlyForDeploymentPostprocessing = 0;
			shellPath = /bin/sh;
			shellScript = "\"${SRCROOT}/Pods/Target Support Files/Pods-GrimoireTests/Pods-GrimoireTests-resources.sh\"\n";
			showEnvVarsInLog = 0;
		};
		E7AE2D2C651DBCDCC35E8C76 /* [CP] Embed Pods Frameworks */ = {
			isa = PBXShellScriptBuildPhase;
			buildActionMask = 2147483647;
			files = (
			);
			inputPaths = (
			);
			name = "[CP] Embed Pods Frameworks";
			outputPaths = (
			);
			runOnlyForDeploymentPostprocessing = 0;
			shellPath = /bin/sh;
			shellScript = "\"${SRCROOT}/Pods/Target Support Files/Pods-Grimoire/Pods-Grimoire-frameworks.sh\"\n";
			showEnvVarsInLog = 0;
		};
		F536AF50171365DEF4566E54 /* [CP] Embed Pods Frameworks */ = {
			isa = PBXShellScriptBuildPhase;
			buildActionMask = 2147483647;
			files = (
			);
			inputPaths = (
			);
			name = "[CP] Embed Pods Frameworks";
			outputPaths = (
			);
			runOnlyForDeploymentPostprocessing = 0;
			shellPath = /bin/sh;
			shellScript = "\"${SRCROOT}/Pods/Target Support Files/Pods-GrimoireTests/Pods-GrimoireTests-frameworks.sh\"\n";
			showEnvVarsInLog = 0;
		};
/* End PBXShellScriptBuildPhase section */

/* Begin PBXSourcesBuildPhase section */
		DC1ACA3E1D353F66002A3071 /* Sources */ = {
			isa = PBXSourcesBuildPhase;
			buildActionMask = 2147483647;
			files = (
				DC6967331D356B2E00A16B94 /* GrimoireCardCell.swift in Sources */,
				DC6967251D354BCF00A16B94 /* GrimoirePage.swift in Sources */,
				DC876A051D357BB4003405F8 /* GrimoireSectionHeader.swift in Sources */,
				DC6967271D355B0200A16B94 /* HighResolutionImageParser.swift in Sources */,
				DC69671F1D3545DA00A16B94 /* GrimoireCard.swift in Sources */,
				DC6967211D35471B00A16B94 /* GrimoireResponseParser.swift in Sources */,
				DC6967351D3574F400A16B94 /* GrimoireCardTVC.swift in Sources */,
				DC69672B1D35604C00A16B94 /* GrimoirePageParser.swift in Sources */,
				DC69672D1D35681D00A16B94 /* GrimoireCardParser.swift in Sources */,
				DC69671D1D3543DA00A16B94 /* GrimoireManager.swift in Sources */,
				DC1ACA461D353F66002A3071 /* AppDelegate.swift in Sources */,
				DC6967231D35473000A16B94 /* Parser.swift in Sources */,
				DC6967171D3541FC00A16B94 /* APIClient.swift in Sources */,
				DC69671B1D35421100A16B94 /* HTTPMethod.swift in Sources */,
				DC6967191D35420400A16B94 /* NetworkClient.swift in Sources */,
				DC6967291D355C0000A16B94 /* HighResolutionImage.swift in Sources */,
			);
			runOnlyForDeploymentPostprocessing = 0;
		};
		DC1ACA521D353F66002A3071 /* Sources */ = {
			isa = PBXSourcesBuildPhase;
			buildActionMask = 2147483647;
			files = (
				DC1ACA5B1D353F66002A3071 /* GrimoireTests.swift in Sources */,
			);
			runOnlyForDeploymentPostprocessing = 0;
		};
/* End PBXSourcesBuildPhase section */

/* Begin PBXTargetDependency section */
		DC1ACA581D353F66002A3071 /* PBXTargetDependency */ = {
			isa = PBXTargetDependency;
			target = DC1ACA411D353F66002A3071 /* Grimoire */;
			targetProxy = DC1ACA571D353F66002A3071 /* PBXContainerItemProxy */;
		};
/* End PBXTargetDependency section */

/* Begin PBXVariantGroup section */
		DC1ACA491D353F66002A3071 /* Main.storyboard */ = {
			isa = PBXVariantGroup;
			children = (
				DC1ACA4A1D353F66002A3071 /* Base */,
			);
			name = Main.storyboard;
			sourceTree = "<group>";
		};
		DC1ACA4E1D353F66002A3071 /* LaunchScreen.storyboard */ = {
			isa = PBXVariantGroup;
			children = (
				DC1ACA4F1D353F66002A3071 /* Base */,
			);
			name = LaunchScreen.storyboard;
			sourceTree = "<group>";
		};
/* End PBXVariantGroup section */

/* Begin XCBuildConfiguration section */
		DC1ACA5D1D353F66002A3071 /* Debug */ = {
			isa = XCBuildConfiguration;
			buildSettings = {
				ALWAYS_SEARCH_USER_PATHS = NO;
				CLANG_ANALYZER_NONNULL = YES;
				CLANG_CXX_LANGUAGE_STANDARD = "gnu++0x";
				CLANG_CXX_LIBRARY = "libc++";
				CLANG_ENABLE_MODULES = YES;
				CLANG_ENABLE_OBJC_ARC = YES;
				CLANG_WARN_BOOL_CONVERSION = YES;
				CLANG_WARN_CONSTANT_CONVERSION = YES;
				CLANG_WARN_DIRECT_OBJC_ISA_USAGE = YES_ERROR;
				CLANG_WARN_EMPTY_BODY = YES;
				CLANG_WARN_ENUM_CONVERSION = YES;
				CLANG_WARN_INT_CONVERSION = YES;
				CLANG_WARN_OBJC_ROOT_CLASS = YES_ERROR;
				CLANG_WARN_UNREACHABLE_CODE = YES;
				CLANG_WARN__DUPLICATE_METHOD_MATCH = YES;
				"CODE_SIGN_IDENTITY[sdk=iphoneos*]" = "iPhone Developer";
				COPY_PHASE_STRIP = NO;
				DEBUG_INFORMATION_FORMAT = dwarf;
				ENABLE_STRICT_OBJC_MSGSEND = YES;
				ENABLE_TESTABILITY = YES;
				GCC_C_LANGUAGE_STANDARD = gnu99;
				GCC_DYNAMIC_NO_PIC = NO;
				GCC_NO_COMMON_BLOCKS = YES;
				GCC_OPTIMIZATION_LEVEL = 0;
				GCC_PREPROCESSOR_DEFINITIONS = (
					"DEBUG=1",
					"$(inherited)",
				);
				GCC_WARN_64_TO_32_BIT_CONVERSION = YES;
				GCC_WARN_ABOUT_RETURN_TYPE = YES_ERROR;
				GCC_WARN_UNDECLARED_SELECTOR = YES;
				GCC_WARN_UNINITIALIZED_AUTOS = YES_AGGRESSIVE;
				GCC_WARN_UNUSED_FUNCTION = YES;
				GCC_WARN_UNUSED_VARIABLE = YES;
				IPHONEOS_DEPLOYMENT_TARGET = 9.3;
				MTL_ENABLE_DEBUG_INFO = YES;
				ONLY_ACTIVE_ARCH = YES;
				SDKROOT = iphoneos;
				SWIFT_OPTIMIZATION_LEVEL = "-Onone";
			};
			name = Debug;
		};
		DC1ACA5E1D353F66002A3071 /* Release */ = {
			isa = XCBuildConfiguration;
			buildSettings = {
				ALWAYS_SEARCH_USER_PATHS = NO;
				CLANG_ANALYZER_NONNULL = YES;
				CLANG_CXX_LANGUAGE_STANDARD = "gnu++0x";
				CLANG_CXX_LIBRARY = "libc++";
				CLANG_ENABLE_MODULES = YES;
				CLANG_ENABLE_OBJC_ARC = YES;
				CLANG_WARN_BOOL_CONVERSION = YES;
				CLANG_WARN_CONSTANT_CONVERSION = YES;
				CLANG_WARN_DIRECT_OBJC_ISA_USAGE = YES_ERROR;
				CLANG_WARN_EMPTY_BODY = YES;
				CLANG_WARN_ENUM_CONVERSION = YES;
				CLANG_WARN_INT_CONVERSION = YES;
				CLANG_WARN_OBJC_ROOT_CLASS = YES_ERROR;
				CLANG_WARN_UNREACHABLE_CODE = YES;
				CLANG_WARN__DUPLICATE_METHOD_MATCH = YES;
				"CODE_SIGN_IDENTITY[sdk=iphoneos*]" = "iPhone Developer";
				COPY_PHASE_STRIP = NO;
				DEBUG_INFORMATION_FORMAT = "dwarf-with-dsym";
				ENABLE_NS_ASSERTIONS = NO;
				ENABLE_STRICT_OBJC_MSGSEND = YES;
				GCC_C_LANGUAGE_STANDARD = gnu99;
				GCC_NO_COMMON_BLOCKS = YES;
				GCC_WARN_64_TO_32_BIT_CONVERSION = YES;
				GCC_WARN_ABOUT_RETURN_TYPE = YES_ERROR;
				GCC_WARN_UNDECLARED_SELECTOR = YES;
				GCC_WARN_UNINITIALIZED_AUTOS = YES_AGGRESSIVE;
				GCC_WARN_UNUSED_FUNCTION = YES;
				GCC_WARN_UNUSED_VARIABLE = YES;
				IPHONEOS_DEPLOYMENT_TARGET = 9.3;
				MTL_ENABLE_DEBUG_INFO = NO;
				SDKROOT = iphoneos;
				VALIDATE_PRODUCT = YES;
			};
			name = Release;
		};
		DC1ACA601D353F66002A3071 /* Debug */ = {
			isa = XCBuildConfiguration;
			baseConfigurationReference = 150C842BFBA7287914C58EB4 /* Pods-Grimoire.debug.xcconfig */;
			buildSettings = {
				ASSETCATALOG_COMPILER_APPICON_NAME = AppIcon;
				INFOPLIST_FILE = Grimoire/Info.plist;
				LD_RUNPATH_SEARCH_PATHS = "$(inherited) @executable_path/Frameworks";
				PRODUCT_BUNDLE_IDENTIFIER = com.salman.Grimoire;
				PRODUCT_NAME = "$(TARGET_NAME)";
			};
			name = Debug;
		};
		DC1ACA611D353F66002A3071 /* Release */ = {
			isa = XCBuildConfiguration;
			baseConfigurationReference = 157C9118D47A20119EBCBBAE /* Pods-Grimoire.release.xcconfig */;
			buildSettings = {
				ASSETCATALOG_COMPILER_APPICON_NAME = AppIcon;
				INFOPLIST_FILE = Grimoire/Info.plist;
				LD_RUNPATH_SEARCH_PATHS = "$(inherited) @executable_path/Frameworks";
				PRODUCT_BUNDLE_IDENTIFIER = com.salman.Grimoire;
				PRODUCT_NAME = "$(TARGET_NAME)";
			};
			name = Release;
		};
		DC1ACA631D353F66002A3071 /* Debug */ = {
			isa = XCBuildConfiguration;
			baseConfigurationReference = 8DA4C8287E207037DDB40E14 /* Pods-GrimoireTests.debug.xcconfig */;
			buildSettings = {
				BUNDLE_LOADER = "$(TEST_HOST)";
				INFOPLIST_FILE = GrimoireTests/Info.plist;
				LD_RUNPATH_SEARCH_PATHS = "$(inherited) @executable_path/Frameworks @loader_path/Frameworks";
				PRODUCT_BUNDLE_IDENTIFIER = com.salman.GrimoireTests;
				PRODUCT_NAME = "$(TARGET_NAME)";
				TEST_HOST = "$(BUILT_PRODUCTS_DIR)/Grimoire.app/Grimoire";
			};
			name = Debug;
		};
		DC1ACA641D353F66002A3071 /* Release */ = {
			isa = XCBuildConfiguration;
			baseConfigurationReference = 96623EE21B13F8C1DF090D8F /* Pods-GrimoireTests.release.xcconfig */;
			buildSettings = {
				BUNDLE_LOADER = "$(TEST_HOST)";
				INFOPLIST_FILE = GrimoireTests/Info.plist;
				LD_RUNPATH_SEARCH_PATHS = "$(inherited) @executable_path/Frameworks @loader_path/Frameworks";
				PRODUCT_BUNDLE_IDENTIFIER = com.salman.GrimoireTests;
				PRODUCT_NAME = "$(TARGET_NAME)";
				TEST_HOST = "$(BUILT_PRODUCTS_DIR)/Grimoire.app/Grimoire";
			};
			name = Release;
		};
/* End XCBuildConfiguration section */

/* Begin XCConfigurationList section */
		DC1ACA3D1D353F66002A3071 /* Build configuration list for PBXProject "Grimoire" */ = {
			isa = XCConfigurationList;
			buildConfigurations = (
				DC1ACA5D1D353F66002A3071 /* Debug */,
				DC1ACA5E1D353F66002A3071 /* Release */,
			);
			defaultConfigurationIsVisible = 0;
			defaultConfigurationName = Release;
		};
		DC1ACA5F1D353F66002A3071 /* Build configuration list for PBXNativeTarget "Grimoire" */ = {
			isa = XCConfigurationList;
			buildConfigurations = (
				DC1ACA601D353F66002A3071 /* Debug */,
				DC1ACA611D353F66002A3071 /* Release */,
			);
			defaultConfigurationIsVisible = 0;
			defaultConfigurationName = Release;
		};
		DC1ACA621D353F66002A3071 /* Build configuration list for PBXNativeTarget "GrimoireTests" */ = {
			isa = XCConfigurationList;
			buildConfigurations = (
				DC1ACA631D353F66002A3071 /* Debug */,
				DC1ACA641D353F66002A3071 /* Release */,
			);
			defaultConfigurationIsVisible = 0;
			defaultConfigurationName = Release;
		};
/* End XCConfigurationList section */
	};
	rootObject = DC1ACA3A1D353F66002A3071 /* Project object */;
}
